
Microsoft Visual Studio Solution File, Format Version 12.00
# Visual Studio Version 17
VisualStudioVersion = 17.1.32319.34
MinimumVisualStudioVersion = 10.0.40219.1
Project("{F184B08F-C81C-45F6-A57F-5ABD9991F28F}") = "Parcial_1-HCI-Xoan Teira", "Parcial_1-HCI-Xoan Teira\Parcial_1-HCI-Xoan Teira.vbproj", "{2CB6504D-9BC1-4FDF-B80E-1C763211173D}"
EndProject
Global
	GlobalSection(SolutionConfigurationPlatforms) = preSolution
		Debug|Any CPU = Debug|Any CPU
		Release|Any CPU = Release|Any CPU
	EndGlobalSection
	GlobalSection(ProjectConfigurationPlatforms) = postSolution
		{2CB6504D-9BC1-4FDF-B80E-1C763211173D}.Debug|Any CPU.ActiveCfg = Debug|Any CPU
		{2CB6504D-9BC1-4FDF-B80E-1C763211173D}.Debug|Any CPU.Build.0 = Debug|Any CPU
		{2CB6504D-9BC1-4FDF-B80E-1C763211173D}.Release|Any CPU.ActiveCfg = Release|Any CPU
		{2CB6504D-9BC1-4FDF-B80E-1C763211173D}.Release|Any CPU.Build.0 = Release|Any CPU
	EndGlobalSection
	GlobalSection(SolutionProperties) = preSolution
		HideSolutionNode = FALSE
	EndGlobalSection
	GlobalSection(ExtensibilityGlobals) = postSolution
		SolutionGuid = {CD3622E4-B9AB-4038-BE7F-253A82C4E07C}
	EndGlobalSection
EndGlobal
